
Microsoft Visual Studio Solution File, Format Version 12.00
# Visual Studio Version 16
VisualStudioVersion = 16.0.29418.71
MinimumVisualStudioVersion = 10.0.40219.1
Project("{FAE04EC0-301F-11D3-BF4B-00C04F79EFBC}") = "MessageBoard", "MessageBoard\MessageBoard.csproj", "{ECFBC3A8-6EE5-416D-B953-2249BE5AB71F}"
EndProject
Project("{FAE04EC0-301F-11D3-BF4B-00C04F79EFBC}") = "DesignPatternPractice", "DesignPatternPractice\DesignPatternPractice.csproj", "{56964AFF-CC13-4981-8A3E-1000FF3B32C6}"
EndProject
Project("{00D1A9C2-B5F0-4AF3-8072-F6C62B433612}") = "SQL_Test", "SQL_Test\SQL_Test.sqlproj", "{1A3DA3CB-47AD-459E-B3C0-95B7FCBCD458}"
EndProject
Global
	GlobalSection(SolutionConfigurationPlatforms) = preSolution
		Debug|Any CPU = Debug|Any CPU
		Release|Any CPU = Release|Any CPU
	EndGlobalSection
	GlobalSection(ProjectConfigurationPlatforms) = postSolution
		{ECFBC3A8-6EE5-416D-B953-2249BE5AB71F}.Debug|Any CPU.ActiveCfg = Debug|Any CPU
		{ECFBC3A8-6EE5-416D-B953-2249BE5AB71F}.Debug|Any CPU.Build.0 = Debug|Any CPU
		{ECFBC3A8-6EE5-416D-B953-2249BE5AB71F}.Release|Any CPU.ActiveCfg = Release|Any CPU
		{ECFBC3A8-6EE5-416D-B953-2249BE5AB71F}.Release|Any CPU.Build.0 = Release|Any CPU
		{56964AFF-CC13-4981-8A3E-1000FF3B32C6}.Debug|Any CPU.ActiveCfg = Debug|Any CPU
		{56964AFF-CC13-4981-8A3E-1000FF3B32C6}.Debug|Any CPU.Build.0 = Debug|Any CPU
		{56964AFF-CC13-4981-8A3E-1000FF3B32C6}.Release|Any CPU.ActiveCfg = Release|Any CPU
		{56964AFF-CC13-4981-8A3E-1000FF3B32C6}.Release|Any CPU.Build.0 = Release|Any CPU
		{1A3DA3CB-47AD-459E-B3C0-95B7FCBCD458}.Debug|Any CPU.ActiveCfg = Debug|Any CPU
		{1A3DA3CB-47AD-459E-B3C0-95B7FCBCD458}.Debug|Any CPU.Build.0 = Debug|Any CPU
		{1A3DA3CB-47AD-459E-B3C0-95B7FCBCD458}.Debug|Any CPU.Deploy.0 = Debug|Any CPU
		{1A3DA3CB-47AD-459E-B3C0-95B7FCBCD458}.Release|Any CPU.ActiveCfg = Release|Any CPU
		{1A3DA3CB-47AD-459E-B3C0-95B7FCBCD458}.Release|Any CPU.Build.0 = Release|Any CPU
		{1A3DA3CB-47AD-459E-B3C0-95B7FCBCD458}.Release|Any CPU.Deploy.0 = Release|Any CPU
	EndGlobalSection
	GlobalSection(SolutionProperties) = preSolution
		HideSolutionNode = FALSE
	EndGlobalSection
	GlobalSection(ExtensibilityGlobals) = postSolution
		SolutionGuid = {28184B56-9F24-4211-821B-C2398482DC23}
	EndGlobalSection
EndGlobal
