
Microsoft Visual Studio Solution File, Format Version 12.00
# Visual Studio Version 16
VisualStudioVersion = 16.0.29418.71
MinimumVisualStudioVersion = 10.0.40219.1
Project("{FAE04EC0-301F-11D3-BF4B-00C04F79EFBC}") = "MessageBoard", "MessageBoard\MessageBoard.csproj", "{ECFBC3A8-6EE5-416D-B953-2249BE5AB71F}"
EndProject
Global
	GlobalSection(SolutionConfigurationPlatforms) = preSolution
		Debug|Any CPU = Debug|Any CPU
		Release|Any CPU = Release|Any CPU
	EndGlobalSection
	GlobalSection(ProjectConfigurationPlatforms) = postSolution
		{ECFBC3A8-6EE5-416D-B953-2249BE5AB71F}.Debug|Any CPU.ActiveCfg = Debug|Any CPU
		{ECFBC3A8-6EE5-416D-B953-2249BE5AB71F}.Debug|Any CPU.Build.0 = Debug|Any CPU
		{ECFBC3A8-6EE5-416D-B953-2249BE5AB71F}.Release|Any CPU.ActiveCfg = Release|Any CPU
		{ECFBC3A8-6EE5-416D-B953-2249BE5AB71F}.Release|Any CPU.Build.0 = Release|Any CPU
	EndGlobalSection
	GlobalSection(SolutionProperties) = preSolution
		HideSolutionNode = FALSE
	EndGlobalSection
	GlobalSection(ExtensibilityGlobals) = postSolution
		SolutionGuid = {28184B56-9F24-4211-821B-C2398482DC23}
	EndGlobalSection
EndGlobal
